{
  "requires": true,
  "lockfileVersion": 1,
  "dependencies": {
    "react-ga": {
      "version": "3.2.1",
      "resolved": "https://registry.npmjs.org/react-ga/-/react-ga-3.2.1.tgz",
      "integrity": "sha512-uRwNVd7seL2I2lZBE7et8Ul0r/xNDIQkZ43QmnMrcZwY8dNB5UgPjPJA6E18xFtArLgDK/dy/O0TzYqWCsMHDg=="
    }
  }
}
